{
  "originHash" : "c03f61401d1a7eb9526703662d6f15489d9a75a0a49298b16e12553298644d64",
  "pins" : [
    {
      "identity" : "avro-swift",
      "kind" : "remoteSourceControl",
      "location" : "https://github.com/flexlixrup/avro-swift.git",
      "state" : {
        "branch" : "main",
        "revision" : "986a6feb0f35f024fba68fae415c3bb89b4c12bc"
      }
    },
    {
      "identity" : "swift-log",
      "kind" : "remoteSourceControl",
      "location" : "https://github.com/apple/swift-log.git",
      "state" : {
        "revision" : "ce592ae52f982c847a4efc0dd881cc9eb32d29f2",
        "version" : "1.6.4"
      }
    },
    {
      "identity" : "swift-metrics",
      "kind" : "remoteSourceControl",
      "location" : "https://github.com/apple/swift-metrics.git",
      "state" : {
        "revision" : "0743a9364382629da3bf5677b46a2c4b1ce5d2a6",
        "version" : "2.7.1"
      }
    },
    {
      "identity" : "swift-syntax",
      "kind" : "remoteSourceControl",
      "location" : "https://github.com/apple/swift-syntax.git",
      "state" : {
        "revision" : "0687f71944021d616d34d922343dcef086855920",
        "version" : "600.0.1"
      }
    }
  ],
  "version" : 3
}
